{
  "originHash" : "283eb168151c586e4779970cccc9345717d4055b0ea2e26f2a2d9703465b5ce1",
  "pins" : [
    {
      "identity" : "fluidaudio",
      "kind" : "remoteSourceControl",
      "location" : "https://github.com/FluidInference/FluidAudio.git",
      "state" : {
        "revision" : "0b1f46289fe27d95b5e66ad8be46e64f5ee02ae7",
        "version" : "0.17.5"
      }
    },
    {
      "identity" : "keyboardshortcuts",
      "kind" : "remoteSourceControl",
      "location" : "https://github.com/sindresorhus/KeyboardShortcuts.git",
      "state" : {
        "revision" : "70caa8dea43e2d273cd5ab78885d7eff01df550c",
        "version" : "1.10.0"
      }
    }
  ],
  "version" : 3
}
